<?xml version="1.0" encoding="utf-8"?>
<Project ToolsVersion="4.0" xmlns="http://schemas.microsoft.com/developer/msbuild/2003">
  <ItemGroup>
    <Filter Include="Source Files">
      <UniqueIdentifier>{4FC737F1-C7A5-4376-A066-2A32D752A2FF}</UniqueIdentifier>
      <Extensions>cpp;cxx;c;def</Extensions>
    </Filter>
    <Filter Include="Header Files">
      <UniqueIdentifier>{93995380-89BD-4b04-88EB-625FBE52EBFB}</UniqueIdentifier>
      <Extensions>h</Extensions>
    </Filter>
    <Filter Include="Form Files">
      <UniqueIdentifier>{99349809-55BA-4b9d-BF79-8FDBB0286EB3}</UniqueIdentifier>
      <Extensions>ui</Extensions>
    </Filter>
    <Filter Include="Resource Files">
      <UniqueIdentifier>{D9D6E242-F8AF-46E4-B9FD-80ECBC20BA3E}</UniqueIdentifier>
      <Extensions>qrc;*</Extensions>
      <ParseFiles>false</ParseFiles>
    </Filter>
    <Filter Include="Generated Files">
      <UniqueIdentifier>{71ED8ED8-ACB9-4CE9-BBE1-E00B30144E11}</UniqueIdentifier>
      <Extensions>moc;h;cpp</Extensions>
      <SourceControlFiles>False</SourceControlFiles>
    </Filter>
    <Filter Include="Generated Files\Debug">
      <UniqueIdentifier>{6fbb6dd7-fc8e-4b88-844d-fb2eebbece36}</UniqueIdentifier>
      <Extensions>cpp;moc</Extensions>
      <SourceControlFiles>False</SourceControlFiles>
    </Filter>
    <Filter Include="Generated Files\Release">
      <UniqueIdentifier>{c3752402-28d8-4f1e-8fba-df0e96c9043b}</UniqueIdentifier>
      <Extensions>cpp;moc</Extensions>
      <SourceControlFiles>False</SourceControlFiles>
    </Filter>
    <Filter Include="TAUCS">
      <UniqueIdentifier>{a2f30670-a32d-4f8c-ab55-85e9a87d5bac}</UniqueIdentifier>
    </Filter>
  </ItemGroup>
  <ItemGroup>
    <ClCompile Include="main.cpp">
      <Filter>Source Files</Filter>
    </ClCompile>
    <ClCompile Include="modelhandle.cpp">
      <Filter>Source Files</Filter>
    </ClCompile>
    <ClCompile Include="GeneratedFiles\Debug\moc_modelhandle.cpp">
      <Filter>Generated Files\Debug</Filter>
    </ClCompile>
    <ClCompile Include="GeneratedFiles\Release\moc_modelhandle.cpp">
      <Filter>Generated Files\Release</Filter>
    </ClCompile>
    <ClCompile Include="GeneratedFiles\qrc_modelhandle.cpp">
      <Filter>Generated Files</Filter>
    </ClCompile>
    <ClCompile Include="GeneratedFiles\Debug\moc_wiw.cpp">
      <Filter>Generated Files\Debug</Filter>
    </ClCompile>
    <ClCompile Include="GeneratedFiles\Release\moc_wiw.cpp">
      <Filter>Generated Files\Release</Filter>
    </ClCompile>
    <ClCompile Include="GenerateMesh.cpp">
      <Filter>Source Files</Filter>
    </ClCompile>
    <ClCompile Include="GenerateTool.cpp">
      <Filter>Source Files</Filter>
    </ClCompile>
    <ClCompile Include="mesh.cpp">
      <Filter>Source Files</Filter>
    </ClCompile>
    <ClCompile Include="skeleton.cpp">
      <Filter>Source Files</Filter>
    </ClCompile>
    <ClCompile Include="wiw.cpp">
      <Filter>Source Files</Filter>
    </ClCompile>
    <ClCompile Include="SkeletonModel.cpp">
      <Filter>Source Files</Filter>
    </ClCompile>
    <ClCompile Include="sparse_matrix.cpp">
      <Filter>TAUCS</Filter>
    </ClCompile>
    <ClCompile Include="taucs_matrix.cpp">
      <Filter>TAUCS</Filter>
    </ClCompile>
    <ClCompile Include="taucs_solver.cpp">
      <Filter>TAUCS</Filter>
    </ClCompile>
    <ClCompile Include="taucs_util.cpp">
      <Filter>TAUCS</Filter>
    </ClCompile>
  </ItemGroup>
  <ItemGroup>
    <CustomBuild Include="modelhandle.h">
      <Filter>Header Files</Filter>
    </CustomBuild>
    <CustomBuild Include="modelhandle.ui">
      <Filter>Form Files</Filter>
    </CustomBuild>
    <CustomBuild Include="modelhandle.qrc">
      <Filter>Resource Files</Filter>
    </CustomBuild>
    <CustomBuild Include="wiw.h">
      <Filter>Header Files</Filter>
    </CustomBuild>
  </ItemGroup>
  <ItemGroup>
    <ClInclude Include="GeneratedFiles\ui_modelhandle.h">
      <Filter>Generated Files</Filter>
    </ClInclude>
    <ClInclude Include="attachment.h">
      <Filter>Header Files</Filter>
    </ClInclude>
    <ClInclude Include="debugging.h">
      <Filter>Header Files</Filter>
    </ClInclude>
    <ClInclude Include="deriv.h">
      <Filter>Header Files</Filter>
    </ClInclude>
    <ClInclude Include="dtree.h">
      <Filter>Header Files</Filter>
    </ClInclude>
    <ClInclude Include="GenerateMesh.h">
      <Filter>Header Files</Filter>
    </ClInclude>
    <ClInclude Include="GenerateTool.h">
      <Filter>Header Files</Filter>
    </ClInclude>
    <ClInclude Include="graphutils.h">
      <Filter>Header Files</Filter>
    </ClInclude>
    <ClInclude Include="hashutils.h">
      <Filter>Header Files</Filter>
    </ClInclude>
    <ClInclude Include="indexer.h">
      <Filter>Header Files</Filter>
    </ClInclude>
    <ClInclude Include="intersector.h">
      <Filter>Header Files</Filter>
    </ClInclude>
    <ClInclude Include="lsqSolver.h">
      <Filter>Header Files</Filter>
    </ClInclude>
    <ClInclude Include="mathutils.h">
      <Filter>Header Files</Filter>
    </ClInclude>
    <ClInclude Include="matrix.h">
      <Filter>Header Files</Filter>
    </ClInclude>
    <ClInclude Include="mesh.h">
      <Filter>Header Files</Filter>
    </ClInclude>
    <ClInclude Include="multilinear.h">
      <Filter>Header Files</Filter>
    </ClInclude>
    <ClInclude Include="Pinocchio.h">
      <Filter>Header Files</Filter>
    </ClInclude>
    <ClInclude Include="pinocchioApi.h">
      <Filter>Header Files</Filter>
    </ClInclude>
    <ClInclude Include="pointprojector.h">
      <Filter>Header Files</Filter>
    </ClInclude>
    <ClInclude Include="quaddisttree.h">
      <Filter>Header Files</Filter>
    </ClInclude>
    <ClInclude Include="rect.h">
      <Filter>Header Files</Filter>
    </ClInclude>
    <ClInclude Include="skeleton.h">
      <Filter>Header Files</Filter>
    </ClInclude>
    <ClInclude Include="transform.h">
      <Filter>Header Files</Filter>
    </ClInclude>
    <ClInclude Include="utils.h">
      <Filter>Header Files</Filter>
    </ClInclude>
    <ClInclude Include="vector.h">
      <Filter>Header Files</Filter>
    </ClInclude>
    <ClInclude Include="vecutils.h">
      <Filter>Header Files</Filter>
    </ClInclude>
    <ClInclude Include="sparse_matrix.h">
      <Filter>TAUCS</Filter>
    </ClInclude>
    <ClInclude Include="taucs_matrix.h">
      <Filter>TAUCS</Filter>
    </ClInclude>
    <ClInclude Include="taucs_solver.h">
      <Filter>TAUCS</Filter>
    </ClInclude>
    <ClInclude Include="taucs_util.h">
      <Filter>TAUCS</Filter>
    </ClInclude>
  </ItemGroup>
</Project>